// !$*UTF8*$!
{
	archiveVersion = 1;
	classes = {
	};
	objectVersion = 50;
	objects = {

/* Begin PBXBuildFile section */
		D85CF8EE2650F03A002CC759 /* AppDelegate.swift in Sources */ = {isa = PBXBuildFile; fileRef = D85CF8ED2650F03A002CC759 /* AppDelegate.swift */; };
		D85CF8F02650F03A002CC759 /* SceneDelegate.swift in Sources */ = {isa = PBXBuildFile; fileRef = D85CF8EF2650F03A002CC759 /* SceneDelegate.swift */; };
		D85CF8F22650F03A002CC759 /* ViewController.swift in Sources */ = {isa = PBXBuildFile; fileRef = D85CF8F12650F03A002CC759 /* ViewController.swift */; };
		D85CF8F52650F03A002CC759 /* Main.storyboard in Resources */ = {isa = PBXBuildFile; fileRef = D85CF8F32650F03A002CC759 /* Main.storyboard */; };
		D85CF8F72650F03A002CC759 /* Assets.xcassets in Resources */ = {isa = PBXBuildFile; fileRef = D85CF8F62650F03A002CC759 /* Assets.xcassets */; };
		D85CF8FA2650F03A002CC759 /* LaunchScreen.storyboard in Resources */ = {isa = PBXBuildFile; fileRef = D85CF8F82650F03A002CC759 /* LaunchScreen.storyboard */; };
		D85CF9052650F03A002CC759 /* walletTests.swift in Sources */ = {isa = PBXBuildFile; fileRef = D85CF9042650F03A002CC759 /* walletTests.swift */; };
		D85CF9102650F03A002CC759 /* walletUITests.swift in Sources */ = {isa = PBXBuildFile; fileRef = D85CF90F2650F03A002CC759 /* walletUITests.swift */; };
		D85CF92F2650F4A6002CC759 /* CurrentBalanceTableViewCell.swift in Sources */ = {isa = PBXBuildFile; fileRef = D85CF92D2650F4A6002CC759 /* CurrentBalanceTableViewCell.swift */; };
		D85CF9302650F4A6002CC759 /* CurrentBalanceTableViewCell.xib in Resources */ = {isa = PBXBuildFile; fileRef = D85CF92E2650F4A6002CC759 /* CurrentBalanceTableViewCell.xib */; };
		D85CF9372650F898002CC759 /* SendMoneyModel.swift in Sources */ = {isa = PBXBuildFile; fileRef = D85CF9362650F898002CC759 /* SendMoneyModel.swift */; };
/* End PBXBuildFile section */

/* Begin PBXContainerItemProxy section */
		D85CF9012650F03A002CC759 /* PBXContainerItemProxy */ = {
			isa = PBXContainerItemProxy;
			containerPortal = D85CF8E22650F03A002CC759 /* Project object */;
			proxyType = 1;
			remoteGlobalIDString = D85CF8E92650F03A002CC759;
			remoteInfo = wallet;
		};
		D85CF90C2650F03A002CC759 /* PBXContainerItemProxy */ = {
			isa = PBXContainerItemProxy;
			containerPortal = D85CF8E22650F03A002CC759 /* Project object */;
			proxyType = 1;
			remoteGlobalIDString = D85CF8E92650F03A002CC759;
			remoteInfo = wallet;
		};
/* End PBXContainerItemProxy section */

/* Begin PBXFileReference section */
		D85CF8EA2650F03A002CC759 /* wallet.app */ = {isa = PBXFileReference; explicitFileType = wrapper.application; includeInIndex = 0; path = wallet.app; sourceTree = BUILT_PRODUCTS_DIR; };
		D85CF8ED2650F03A002CC759 /* AppDelegate.swift */ = {isa = PBXFileReference; lastKnownFileType = sourcecode.swift; path = AppDelegate.swift; sourceTree = "<group>"; };
		D85CF8EF2650F03A002CC759 /* SceneDelegate.swift */ = {isa = PBXFileReference; lastKnownFileType = sourcecode.swift; path = SceneDelegate.swift; sourceTree = "<group>"; };
		D85CF8F12650F03A002CC759 /* ViewController.swift */ = {isa = PBXFileReference; lastKnownFileType = sourcecode.swift; path = ViewController.swift; sourceTree = "<group>"; };
		D85CF8F42650F03A002CC759 /* Base */ = {isa = PBXFileReference; lastKnownFileType = file.storyboard; name = Base; path = Base.lproj/Main.storyboard; sourceTree = "<group>"; };
		D85CF8F62650F03A002CC759 /* Assets.xcassets */ = {isa = PBXFileReference; lastKnownFileType = folder.assetcatalog; path = Assets.xcassets; sourceTree = "<group>"; };
		D85CF8F92650F03A002CC759 /* Base */ = {isa = PBXFileReference; lastKnownFileType = file.storyboard; name = Base; path = Base.lproj/LaunchScreen.storyboard; sourceTree = "<group>"; };
		D85CF8FB2650F03A002CC759 /* Info.plist */ = {isa = PBXFileReference; lastKnownFileType = text.plist.xml; path = Info.plist; sourceTree = "<group>"; };
		D85CF9002650F03A002CC759 /* walletTests.xctest */ = {isa = PBXFileReference; explicitFileType = wrapper.cfbundle; includeInIndex = 0; path = walletTests.xctest; sourceTree = BUILT_PRODUCTS_DIR; };
		D85CF9042650F03A002CC759 /* walletTests.swift */ = {isa = PBXFileReference; lastKnownFileType = sourcecode.swift; path = walletTests.swift; sourceTree = "<group>"; };
		D85CF9062650F03A002CC759 /* Info.plist */ = {isa = PBXFileReference; lastKnownFileType = text.plist.xml; path = Info.plist; sourceTree = "<group>"; };
		D85CF90B2650F03A002CC759 /* walletUITests.xctest */ = {isa = PBXFileReference; explicitFileType = wrapper.cfbundle; includeInIndex = 0; path = walletUITests.xctest; sourceTree = BUILT_PRODUCTS_DIR; };
		D85CF90F2650F03A002CC759 /* walletUITests.swift */ = {isa = PBXFileReference; lastKnownFileType = sourcecode.swift; path = walletUITests.swift; sourceTree = "<group>"; };
		D85CF9112650F03A002CC759 /* Info.plist */ = {isa = PBXFileReference; lastKnownFileType = text.plist.xml; path = Info.plist; sourceTree = "<group>"; };
		D85CF92D2650F4A6002CC759 /* CurrentBalanceTableViewCell.swift */ = {isa = PBXFileReference; lastKnownFileType = sourcecode.swift; path = CurrentBalanceTableViewCell.swift; sourceTree = "<group>"; };
		D85CF92E2650F4A6002CC759 /* CurrentBalanceTableViewCell.xib */ = {isa = PBXFileReference; lastKnownFileType = file.xib; path = CurrentBalanceTableViewCell.xib; sourceTree = "<group>"; };
		D85CF9362650F898002CC759 /* SendMoneyModel.swift */ = {isa = PBXFileReference; lastKnownFileType = sourcecode.swift; path = SendMoneyModel.swift; sourceTree = "<group>"; };
/* End PBXFileReference section */

/* Begin PBXFrameworksBuildPhase section */
		D85CF8E72650F03A002CC759 /* Frameworks */ = {
			isa = PBXFrameworksBuildPhase;
			buildActionMask = 2147483647;
			files = (
			);
			runOnlyForDeploymentPostprocessing = 0;
		};
		D85CF8FD2650F03A002CC759 /* Frameworks */ = {
			isa = PBXFrameworksBuildPhase;
			buildActionMask = 2147483647;
			files = (
			);
			runOnlyForDeploymentPostprocessing = 0;
		};
		D85CF9082650F03A002CC759 /* Frameworks */ = {
			isa = PBXFrameworksBuildPhase;
			buildActionMask = 2147483647;
			files = (
			);
			runOnlyForDeploymentPostprocessing = 0;
		};
/* End PBXFrameworksBuildPhase section */

/* Begin PBXGroup section */
		D85CF8E12650F03A002CC759 = {
			isa = PBXGroup;
			children = (
				D85CF8EC2650F03A002CC759 /* wallet */,
				D85CF9032650F03A002CC759 /* walletTests */,
				D85CF90E2650F03A002CC759 /* walletUITests */,
				D85CF8EB2650F03A002CC759 /* Products */,
			);
			sourceTree = "<group>";
		};
		D85CF8EB2650F03A002CC759 /* Products */ = {
			isa = PBXGroup;
			children = (
				D85CF8EA2650F03A002CC759 /* wallet.app */,
				D85CF9002650F03A002CC759 /* walletTests.xctest */,
				D85CF90B2650F03A002CC759 /* walletUITests.xctest */,
			);
			name = Products;
			sourceTree = "<group>";
		};
		D85CF8EC2650F03A002CC759 /* wallet */ = {
			isa = PBXGroup;
			children = (
				D85CF9212650F061002CC759 /* App Delegates */,
				D85CF9202650F042002CC759 /* Controllers */,
				D85CF9222650F07E002CC759 /* StoryBoard */,
				D85CF8F62650F03A002CC759 /* Assets.xcassets */,
				D85CF8FB2650F03A002CC759 /* Info.plist */,
			);
			path = wallet;
			sourceTree = "<group>";
		};
		D85CF9032650F03A002CC759 /* walletTests */ = {
			isa = PBXGroup;
			children = (
				D85CF9042650F03A002CC759 /* walletTests.swift */,
				D85CF9062650F03A002CC759 /* Info.plist */,
			);
			path = walletTests;
			sourceTree = "<group>";
		};
		D85CF90E2650F03A002CC759 /* walletUITests */ = {
			isa = PBXGroup;
			children = (
				D85CF90F2650F03A002CC759 /* walletUITests.swift */,
				D85CF9112650F03A002CC759 /* Info.plist */,
			);
			path = walletUITests;
			sourceTree = "<group>";
		};
		D85CF9202650F042002CC759 /* Controllers */ = {
			isa = PBXGroup;
			children = (
				D85CF9232650F0A8002CC759 /* Home */,
			);
			path = Controllers;
			sourceTree = "<group>";
		};
		D85CF9212650F061002CC759 /* App Delegates */ = {
			isa = PBXGroup;
			children = (
				D85CF8ED2650F03A002CC759 /* AppDelegate.swift */,
				D85CF8EF2650F03A002CC759 /* SceneDelegate.swift */,
			);
			path = "App Delegates";
			sourceTree = "<group>";
		};
		D85CF9222650F07E002CC759 /* StoryBoard */ = {
			isa = PBXGroup;
			children = (
				D85CF8F82650F03A002CC759 /* LaunchScreen.storyboard */,
				D85CF8F32650F03A002CC759 /* Main.storyboard */,
			);
			path = StoryBoard;
			sourceTree = "<group>";
		};
		D85CF9232650F0A8002CC759 /* Home */ = {
			isa = PBXGroup;
			children = (
				D85CF9352650F7C6002CC759 /* Model */,
				D85CF9252650F0B6002CC759 /* View */,
				D85CF9262650F0BB002CC759 /* ViewModel */,
			);
			path = Home;
			sourceTree = "<group>";
		};
		D85CF9252650F0B6002CC759 /* View */ = {
			isa = PBXGroup;
			children = (
				D85CF92B2650F390002CC759 /* Table Cells */,
				D85CF9272650F0D4002CC759 /* Controller */,
			);
			path = View;
			sourceTree = "<group>";
		};
		D85CF9262650F0BB002CC759 /* ViewModel */ = {
			isa = PBXGroup;
			children = (
			);
			path = ViewModel;
			sourceTree = "<group>";
		};
		D85CF9272650F0D4002CC759 /* Controller */ = {
			isa = PBXGroup;
			children = (
				D85CF8F12650F03A002CC759 /* ViewController.swift */,
			);
			path = Controller;
			sourceTree = "<group>";
		};
		D85CF92B2650F390002CC759 /* Table Cells */ = {
			isa = PBXGroup;
			children = (
				D85CF92C2650F39E002CC759 /* CurrentBalance */,
			);
			path = "Table Cells";
			sourceTree = "<group>";
		};
		D85CF92C2650F39E002CC759 /* CurrentBalance */ = {
			isa = PBXGroup;
			children = (
				D85CF92D2650F4A6002CC759 /* CurrentBalanceTableViewCell.swift */,
				D85CF92E2650F4A6002CC759 /* CurrentBalanceTableViewCell.xib */,
			);
			path = CurrentBalance;
			sourceTree = "<group>";
		};
		D85CF9352650F7C6002CC759 /* Model */ = {
			isa = PBXGroup;
			children = (
				D85CF9362650F898002CC759 /* SendMoneyModel.swift */,
			);
			path = Model;
			sourceTree = "<group>";
		};
/* End PBXGroup section */

/* Begin PBXNativeTarget section */
		D85CF8E92650F03A002CC759 /* wallet */ = {
			isa = PBXNativeTarget;
			buildConfigurationList = D85CF9142650F03A002CC759 /* Build configuration list for PBXNativeTarget "wallet" */;
			buildPhases = (
				D85CF8E62650F03A002CC759 /* Sources */,
				D85CF8E72650F03A002CC759 /* Frameworks */,
				D85CF8E82650F03A002CC759 /* Resources */,
			);
			buildRules = (
			);
			dependencies = (
			);
			name = wallet;
			productName = wallet;
			productReference = D85CF8EA2650F03A002CC759 /* wallet.app */;
			productType = "com.apple.product-type.application";
		};
		D85CF8FF2650F03A002CC759 /* walletTests */ = {
			isa = PBXNativeTarget;
			buildConfigurationList = D85CF9172650F03A002CC759 /* Build configuration list for PBXNativeTarget "walletTests" */;
			buildPhases = (
				D85CF8FC2650F03A002CC759 /* Sources */,
				D85CF8FD2650F03A002CC759 /* Frameworks */,
				D85CF8FE2650F03A002CC759 /* Resources */,
			);
			buildRules = (
			);
			dependencies = (
				D85CF9022650F03A002CC759 /* PBXTargetDependency */,
			);
			name = walletTests;
			productName = walletTests;
			productReference = D85CF9002650F03A002CC759 /* walletTests.xctest */;
			productType = "com.apple.product-type.bundle.unit-test";
		};
		D85CF90A2650F03A002CC759 /* walletUITests */ = {
			isa = PBXNativeTarget;
			buildConfigurationList = D85CF91A2650F03A002CC759 /* Build configuration list for PBXNativeTarget "walletUITests" */;
			buildPhases = (
				D85CF9072650F03A002CC759 /* Sources */,
				D85CF9082650F03A002CC759 /* Frameworks */,
				D85CF9092650F03A002CC759 /* Resources */,
			);
			buildRules = (
			);
			dependencies = (
				D85CF90D2650F03A002CC759 /* PBXTargetDependency */,
			);
			name = walletUITests;
			productName = walletUITests;
			productReference = D85CF90B2650F03A002CC759 /* walletUITests.xctest */;
			productType = "com.apple.product-type.bundle.ui-testing";
		};
/* End PBXNativeTarget section */

/* Begin PBXProject section */
		D85CF8E22650F03A002CC759 /* Project object */ = {
			isa = PBXProject;
			attributes = {
				LastSwiftUpdateCheck = 1240;
				LastUpgradeCheck = 1240;
				TargetAttributes = {
					D85CF8E92650F03A002CC759 = {
						CreatedOnToolsVersion = 12.4;
					};
					D85CF8FF2650F03A002CC759 = {
						CreatedOnToolsVersion = 12.4;
						TestTargetID = D85CF8E92650F03A002CC759;
					};
					D85CF90A2650F03A002CC759 = {
						CreatedOnToolsVersion = 12.4;
						TestTargetID = D85CF8E92650F03A002CC759;
					};
				};
			};
			buildConfigurationList = D85CF8E52650F03A002CC759 /* Build configuration list for PBXProject "wallet" */;
			compatibilityVersion = "Xcode 9.3";
			developmentRegion = en;
			hasScannedForEncodings = 0;
			knownRegions = (
				en,
				Base,
			);
			mainGroup = D85CF8E12650F03A002CC759;
			productRefGroup = D85CF8EB2650F03A002CC759 /* Products */;
			projectDirPath = "";
			projectRoot = "";
			targets = (
				D85CF8E92650F03A002CC759 /* wallet */,
				D85CF8FF2650F03A002CC759 /* walletTests */,
				D85CF90A2650F03A002CC759 /* walletUITests */,
			);
		};
/* End PBXProject section */

/* Begin PBXResourcesBuildPhase section */
		D85CF8E82650F03A002CC759 /* Resources */ = {
			isa = PBXResourcesBuildPhase;
			buildActionMask = 2147483647;
			files = (
				D85CF9302650F4A6002CC759 /* CurrentBalanceTableViewCell.xib in Resources */,
				D85CF8FA2650F03A002CC759 /* LaunchScreen.storyboard in Resources */,
				D85CF8F72650F03A002CC759 /* Assets.xcassets in Resources */,
				D85CF8F52650F03A002CC759 /* Main.storyboard in Resources */,
			);
			runOnlyForDeploymentPostprocessing = 0;
		};
		D85CF8FE2650F03A002CC759 /* Resources */ = {
			isa = PBXResourcesBuildPhase;
			buildActionMask = 2147483647;
			files = (
			);
			runOnlyForDeploymentPostprocessing = 0;
		};
		D85CF9092650F03A002CC759 /* Resources */ = {
			isa = PBXResourcesBuildPhase;
			buildActionMask = 2147483647;
			files = (
			);
			runOnlyForDeploymentPostprocessing = 0;
		};
/* End PBXResourcesBuildPhase section */

/* Begin PBXSourcesBuildPhase section */
		D85CF8E62650F03A002CC759 /* Sources */ = {
			isa = PBXSourcesBuildPhase;
			buildActionMask = 2147483647;
			files = (
				D85CF92F2650F4A6002CC759 /* CurrentBalanceTableViewCell.swift in Sources */,
				D85CF8F22650F03A002CC759 /* ViewController.swift in Sources */,
				D85CF8EE2650F03A002CC759 /* AppDelegate.swift in Sources */,
				D85CF9372650F898002CC759 /* SendMoneyModel.swift in Sources */,
				D85CF8F02650F03A002CC759 /* SceneDelegate.swift in Sources */,
			);
			runOnlyForDeploymentPostprocessing = 0;
		};
		D85CF8FC2650F03A002CC759 /* Sources */ = {
			isa = PBXSourcesBuildPhase;
			buildActionMask = 2147483647;
			files = (
				D85CF9052650F03A002CC759 /* walletTests.swift in Sources */,
			);
			runOnlyForDeploymentPostprocessing = 0;
		};
		D85CF9072650F03A002CC759 /* Sources */ = {
			isa = PBXSourcesBuildPhase;
			buildActionMask = 2147483647;
			files = (
				D85CF9102650F03A002CC759 /* walletUITests.swift in Sources */,
			);
			runOnlyForDeploymentPostprocessing = 0;
		};
/* End PBXSourcesBuildPhase section */

/* Begin PBXTargetDependency section */
		D85CF9022650F03A002CC759 /* PBXTargetDependency */ = {
			isa = PBXTargetDependency;
			target = D85CF8E92650F03A002CC759 /* wallet */;
			targetProxy = D85CF9012650F03A002CC759 /* PBXContainerItemProxy */;
		};
		D85CF90D2650F03A002CC759 /* PBXTargetDependency */ = {
			isa = PBXTargetDependency;
			target = D85CF8E92650F03A002CC759 /* wallet */;
			targetProxy = D85CF90C2650F03A002CC759 /* PBXContainerItemProxy */;
		};
/* End PBXTargetDependency section */

/* Begin PBXVariantGroup section */
		D85CF8F32650F03A002CC759 /* Main.storyboard */ = {
			isa = PBXVariantGroup;
			children = (
				D85CF8F42650F03A002CC759 /* Base */,
			);
			name = Main.storyboard;
			sourceTree = "<group>";
		};
		D85CF8F82650F03A002CC759 /* LaunchScreen.storyboard */ = {
			isa = PBXVariantGroup;
			children = (
				D85CF8F92650F03A002CC759 /* Base */,
			);
			name = LaunchScreen.storyboard;
			sourceTree = "<group>";
		};
/* End PBXVariantGroup section */

/* Begin XCBuildConfiguration section */
		D85CF9122650F03A002CC759 /* Debug */ = {
			isa = XCBuildConfiguration;
			buildSettings = {
				ALWAYS_SEARCH_USER_PATHS = NO;
				CLANG_ANALYZER_NONNULL = YES;
				CLANG_ANALYZER_NUMBER_OBJECT_CONVERSION = YES_AGGRESSIVE;
				CLANG_CXX_LANGUAGE_STANDARD = "gnu++14";
				CLANG_CXX_LIBRARY = "libc++";
				CLANG_ENABLE_MODULES = YES;
				CLANG_ENABLE_OBJC_ARC = YES;
				CLANG_ENABLE_OBJC_WEAK = YES;
				CLANG_WARN_BLOCK_CAPTURE_AUTORELEASING = YES;
				CLANG_WARN_BOOL_CONVERSION = YES;
				CLANG_WARN_COMMA = YES;
				CLANG_WARN_CONSTANT_CONVERSION = YES;
				CLANG_WARN_DEPRECATED_OBJC_IMPLEMENTATIONS = YES;
				CLANG_WARN_DIRECT_OBJC_ISA_USAGE = YES_ERROR;
				CLANG_WARN_DOCUMENTATION_COMMENTS = YES;
				CLANG_WARN_EMPTY_BODY = YES;
				CLANG_WARN_ENUM_CONVERSION = YES;
				CLANG_WARN_INFINITE_RECURSION = YES;
				CLANG_WARN_INT_CONVERSION = YES;
				CLANG_WARN_NON_LITERAL_NULL_CONVERSION = YES;
				CLANG_WARN_OBJC_IMPLICIT_RETAIN_SELF = YES;
				CLANG_WARN_OBJC_LITERAL_CONVERSION = YES;
				CLANG_WARN_OBJC_ROOT_CLASS = YES_ERROR;
				CLANG_WARN_QUOTED_INCLUDE_IN_FRAMEWORK_HEADER = YES;
				CLANG_WARN_RANGE_LOOP_ANALYSIS = YES;
				CLANG_WARN_STRICT_PROTOTYPES = YES;
				CLANG_WARN_SUSPICIOUS_MOVE = YES;
				CLANG_WARN_UNGUARDED_AVAILABILITY = YES_AGGRESSIVE;
				CLANG_WARN_UNREACHABLE_CODE = YES;
				CLANG_WARN__DUPLICATE_METHOD_MATCH = YES;
				COPY_PHASE_STRIP = NO;
				DEBUG_INFORMATION_FORMAT = dwarf;
				ENABLE_STRICT_OBJC_MSGSEND = YES;
				ENABLE_TESTABILITY = YES;
				GCC_C_LANGUAGE_STANDARD = gnu11;
				GCC_DYNAMIC_NO_PIC = NO;
				GCC_NO_COMMON_BLOCKS = YES;
				GCC_OPTIMIZATION_LEVEL = 0;
				GCC_PREPROCESSOR_DEFINITIONS = (
					"DEBUG=1",
					"$(inherited)",
				);
				GCC_WARN_64_TO_32_BIT_CONVERSION = YES;
				GCC_WARN_ABOUT_RETURN_TYPE = YES_ERROR;
				GCC_WARN_UNDECLARED_SELECTOR = YES;
				GCC_WARN_UNINITIALIZED_AUTOS = YES_AGGRESSIVE;
				GCC_WARN_UNUSED_FUNCTION = YES;
				GCC_WARN_UNUSED_VARIABLE = YES;
				IPHONEOS_DEPLOYMENT_TARGET = 14.4;
				MTL_ENABLE_DEBUG_INFO = INCLUDE_SOURCE;
				MTL_FAST_MATH = YES;
				ONLY_ACTIVE_ARCH = YES;
				SDKROOT = iphoneos;
				SWIFT_ACTIVE_COMPILATION_CONDITIONS = DEBUG;
				SWIFT_OPTIMIZATION_LEVEL = "-Onone";
			};
			name = Debug;
		};
		D85CF9132650F03A002CC759 /* Release */ = {
			isa = XCBuildConfiguration;
			buildSettings = {
				ALWAYS_SEARCH_USER_PATHS = NO;
				CLANG_ANALYZER_NONNULL = YES;
				CLANG_ANALYZER_NUMBER_OBJECT_CONVERSION = YES_AGGRESSIVE;
				CLANG_CXX_LANGUAGE_STANDARD = "gnu++14";
				CLANG_CXX_LIBRARY = "libc++";
				CLANG_ENABLE_MODULES = YES;
				CLANG_ENABLE_OBJC_ARC = YES;
				CLANG_ENABLE_OBJC_WEAK = YES;
				CLANG_WARN_BLOCK_CAPTURE_AUTORELEASING = YES;
				CLANG_WARN_BOOL_CONVERSION = YES;
				CLANG_WARN_COMMA = YES;
				CLANG_WARN_CONSTANT_CONVERSION = YES;
				CLANG_WARN_DEPRECATED_OBJC_IMPLEMENTATIONS = YES;
				CLANG_WARN_DIRECT_OBJC_ISA_USAGE = YES_ERROR;
				CLANG_WARN_DOCUMENTATION_COMMENTS = YES;
				CLANG_WARN_EMPTY_BODY = YES;
				CLANG_WARN_ENUM_CONVERSION = YES;
				CLANG_WARN_INFINITE_RECURSION = YES;
				CLANG_WARN_INT_CONVERSION = YES;
				CLANG_WARN_NON_LITERAL_NULL_CONVERSION = YES;
				CLANG_WARN_OBJC_IMPLICIT_RETAIN_SELF = YES;
				CLANG_WARN_OBJC_LITERAL_CONVERSION = YES;
				CLANG_WARN_OBJC_ROOT_CLASS = YES_ERROR;
				CLANG_WARN_QUOTED_INCLUDE_IN_FRAMEWORK_HEADER = YES;
				CLANG_WARN_RANGE_LOOP_ANALYSIS = YES;
				CLANG_WARN_STRICT_PROTOTYPES = YES;
				CLANG_WARN_SUSPICIOUS_MOVE = YES;
				CLANG_WARN_UNGUARDED_AVAILABILITY = YES_AGGRESSIVE;
				CLANG_WARN_UNREACHABLE_CODE = YES;
				CLANG_WARN__DUPLICATE_METHOD_MATCH = YES;
				COPY_PHASE_STRIP = NO;
				DEBUG_INFORMATION_FORMAT = "dwarf-with-dsym";
				ENABLE_NS_ASSERTIONS = NO;
				ENABLE_STRICT_OBJC_MSGSEND = YES;
				GCC_C_LANGUAGE_STANDARD = gnu11;
				GCC_NO_COMMON_BLOCKS = YES;
				GCC_WARN_64_TO_32_BIT_CONVERSION = YES;
				GCC_WARN_ABOUT_RETURN_TYPE = YES_ERROR;
				GCC_WARN_UNDECLARED_SELECTOR = YES;
				GCC_WARN_UNINITIALIZED_AUTOS = YES_AGGRESSIVE;
				GCC_WARN_UNUSED_FUNCTION = YES;
				GCC_WARN_UNUSED_VARIABLE = YES;
				IPHONEOS_DEPLOYMENT_TARGET = 14.4;
				MTL_ENABLE_DEBUG_INFO = NO;
				MTL_FAST_MATH = YES;
				SDKROOT = iphoneos;
				SWIFT_COMPILATION_MODE = wholemodule;
				SWIFT_OPTIMIZATION_LEVEL = "-O";
				VALIDATE_PRODUCT = YES;
			};
			name = Release;
		};
		D85CF9152650F03A002CC759 /* Debug */ = {
			isa = XCBuildConfiguration;
			buildSettings = {
				ASSETCATALOG_COMPILER_APPICON_NAME = AppIcon;
				ASSETCATALOG_COMPILER_GLOBAL_ACCENT_COLOR_NAME = AccentColor;
				CODE_SIGN_STYLE = Automatic;
				DEVELOPMENT_TEAM = F4U93B78D3;
				INFOPLIST_FILE = wallet/Info.plist;
				LD_RUNPATH_SEARCH_PATHS = (
					"$(inherited)",
					"@executable_path/Frameworks",
				);
				PRODUCT_BUNDLE_IDENTIFIER = surya.wallet;
				PRODUCT_NAME = "$(TARGET_NAME)";
				SWIFT_VERSION = 5.0;
				TARGETED_DEVICE_FAMILY = "1,2";
			};
			name = Debug;
		};
		D85CF9162650F03A002CC759 /* Release */ = {
			isa = XCBuildConfiguration;
			buildSettings = {
				ASSETCATALOG_COMPILER_APPICON_NAME = AppIcon;
				ASSETCATALOG_COMPILER_GLOBAL_ACCENT_COLOR_NAME = AccentColor;
				CODE_SIGN_STYLE = Automatic;
				DEVELOPMENT_TEAM = F4U93B78D3;
				INFOPLIST_FILE = wallet/Info.plist;
				LD_RUNPATH_SEARCH_PATHS = (
					"$(inherited)",
					"@executable_path/Frameworks",
				);
				PRODUCT_BUNDLE_IDENTIFIER = surya.wallet;
				PRODUCT_NAME = "$(TARGET_NAME)";
				SWIFT_VERSION = 5.0;
				TARGETED_DEVICE_FAMILY = "1,2";
			};
			name = Release;
		};
		D85CF9182650F03A002CC759 /* Debug */ = {
			isa = XCBuildConfiguration;
			buildSettings = {
				ALWAYS_EMBED_SWIFT_STANDARD_LIBRARIES = YES;
				BUNDLE_LOADER = "$(TEST_HOST)";
				CODE_SIGN_STYLE = Automatic;
				DEVELOPMENT_TEAM = F4U93B78D3;
				INFOPLIST_FILE = walletTests/Info.plist;
				IPHONEOS_DEPLOYMENT_TARGET = 14.4;
				LD_RUNPATH_SEARCH_PATHS = (
					"$(inherited)",
					"@executable_path/Frameworks",
					"@loader_path/Frameworks",
				);
				PRODUCT_BUNDLE_IDENTIFIER = surya.walletTests;
				PRODUCT_NAME = "$(TARGET_NAME)";
				SWIFT_VERSION = 5.0;
				TARGETED_DEVICE_FAMILY = "1,2";
				TEST_HOST = "$(BUILT_PRODUCTS_DIR)/wallet.app/wallet";
			};
			name = Debug;
		};
		D85CF9192650F03A002CC759 /* Release */ = {
			isa = XCBuildConfiguration;
			buildSettings = {
				ALWAYS_EMBED_SWIFT_STANDARD_LIBRARIES = YES;
				BUNDLE_LOADER = "$(TEST_HOST)";
				CODE_SIGN_STYLE = Automatic;
				DEVELOPMENT_TEAM = F4U93B78D3;
				INFOPLIST_FILE = walletTests/Info.plist;
				IPHONEOS_DEPLOYMENT_TARGET = 14.4;
				LD_RUNPATH_SEARCH_PATHS = (
					"$(inherited)",
					"@executable_path/Frameworks",
					"@loader_path/Frameworks",
				);
				PRODUCT_BUNDLE_IDENTIFIER = surya.walletTests;
				PRODUCT_NAME = "$(TARGET_NAME)";
				SWIFT_VERSION = 5.0;
				TARGETED_DEVICE_FAMILY = "1,2";
				TEST_HOST = "$(BUILT_PRODUCTS_DIR)/wallet.app/wallet";
			};
			name = Release;
		};
		D85CF91B2650F03A002CC759 /* Debug */ = {
			isa = XCBuildConfiguration;
			buildSettings = {
				ALWAYS_EMBED_SWIFT_STANDARD_LIBRARIES = YES;
				CODE_SIGN_STYLE = Automatic;
				DEVELOPMENT_TEAM = F4U93B78D3;
				INFOPLIST_FILE = walletUITests/Info.plist;
				LD_RUNPATH_SEARCH_PATHS = (
					"$(inherited)",
					"@executable_path/Frameworks",
					"@loader_path/Frameworks",
				);
				PRODUCT_BUNDLE_IDENTIFIER = surya.walletUITests;
				PRODUCT_NAME = "$(TARGET_NAME)";
				SWIFT_VERSION = 5.0;
				TARGETED_DEVICE_FAMILY = "1,2";
				TEST_TARGET_NAME = wallet;
			};
			name = Debug;
		};
		D85CF91C2650F03A002CC759 /* Release */ = {
			isa = XCBuildConfiguration;
			buildSettings = {
				ALWAYS_EMBED_SWIFT_STANDARD_LIBRARIES = YES;
				CODE_SIGN_STYLE = Automatic;
				DEVELOPMENT_TEAM = F4U93B78D3;
				INFOPLIST_FILE = walletUITests/Info.plist;
				LD_RUNPATH_SEARCH_PATHS = (
					"$(inherited)",
					"@executable_path/Frameworks",
					"@loader_path/Frameworks",
				);
				PRODUCT_BUNDLE_IDENTIFIER = surya.walletUITests;
				PRODUCT_NAME = "$(TARGET_NAME)";
				SWIFT_VERSION = 5.0;
				TARGETED_DEVICE_FAMILY = "1,2";
				TEST_TARGET_NAME = wallet;
			};
			name = Release;
		};
/* End XCBuildConfiguration section */

/* Begin XCConfigurationList section */
		D85CF8E52650F03A002CC759 /* Build configuration list for PBXProject "wallet" */ = {
			isa = XCConfigurationList;
			buildConfigurations = (
				D85CF9122650F03A002CC759 /* Debug */,
				D85CF9132650F03A002CC759 /* Release */,
			);
			defaultConfigurationIsVisible = 0;
			defaultConfigurationName = Release;
		};
		D85CF9142650F03A002CC759 /* Build configuration list for PBXNativeTarget "wallet" */ = {
			isa = XCConfigurationList;
			buildConfigurations = (
				D85CF9152650F03A002CC759 /* Debug */,
				D85CF9162650F03A002CC759 /* Release */,
			);
			defaultConfigurationIsVisible = 0;
			defaultConfigurationName = Release;
		};
		D85CF9172650F03A002CC759 /* Build configuration list for PBXNativeTarget "walletTests" */ = {
			isa = XCConfigurationList;
			buildConfigurations = (
				D85CF9182650F03A002CC759 /* Debug */,
				D85CF9192650F03A002CC759 /* Release */,
			);
			defaultConfigurationIsVisible = 0;
			defaultConfigurationName = Release;
		};
		D85CF91A2650F03A002CC759 /* Build configuration list for PBXNativeTarget "walletUITests" */ = {
			isa = XCConfigurationList;
			buildConfigurations = (
				D85CF91B2650F03A002CC759 /* Debug */,
				D85CF91C2650F03A002CC759 /* Release */,
			);
			defaultConfigurationIsVisible = 0;
			defaultConfigurationName = Release;
		};
/* End XCConfigurationList section */
	};
	rootObject = D85CF8E22650F03A002CC759 /* Project object */;
}
